
Microsoft Visual Studio Solution File, Format Version 12.00
# Visual Studio Version 17
VisualStudioVersion = 17.5.002.0
MinimumVisualStudioVersion = 10.0.40219.1
Project("{9A19103F-16F7-4668-BE54-9A1E7A4F7556}") = "template", "template\template.csproj", "{91030EC5-4BFE-4DDD-8DDA-7E569029C077}"
EndProject
Project("{9A19103F-16F7-4668-BE54-9A1E7A4F7556}") = "1", "1\1.csproj", "{428C913D-F172-4C12-A06C-2AF4704806DD}"
EndProject
Project("{FAE04EC0-301F-11D3-BF4B-00C04F79EFBC}") = "2", "2\2.csproj", "{91B84167-F522-42D4-B420-0A93ADED5E87}"
EndProject
Project("{FAE04EC0-301F-11D3-BF4B-00C04F79EFBC}") = "3", "3\3.csproj", "{39C30FCF-BAC2-4DCF-AFC6-FAD657E5B33C}"
EndProject
Project("{FAE04EC0-301F-11D3-BF4B-00C04F79EFBC}") = "5", "5\5.csproj", "{98C47AF8-CFDD-4309-8C99-BDF749207161}"
EndProject
Project("{FAE04EC0-301F-11D3-BF4B-00C04F79EFBC}") = "6", "6\6.csproj", "{4BB42EB0-C507-4063-9052-82D0B8DF7426}"
EndProject
Project("{FAE04EC0-301F-11D3-BF4B-00C04F79EFBC}") = "7", "7\7.csproj", "{2FCD62E0-0513-4B4C-9682-027C9A62629C}"
EndProject
Project("{FAE04EC0-301F-11D3-BF4B-00C04F79EFBC}") = "8", "8\8.csproj", "{5E1947EA-0918-484D-BF1F-ADC4B5F0EE48}"
EndProject
Global
	GlobalSection(SolutionConfigurationPlatforms) = preSolution
		Debug|Any CPU = Debug|Any CPU
		Release|Any CPU = Release|Any CPU
	EndGlobalSection
	GlobalSection(ProjectConfigurationPlatforms) = postSolution
		{91030EC5-4BFE-4DDD-8DDA-7E569029C077}.Debug|Any CPU.ActiveCfg = Debug|Any CPU
		{91030EC5-4BFE-4DDD-8DDA-7E569029C077}.Debug|Any CPU.Build.0 = Debug|Any CPU
		{91030EC5-4BFE-4DDD-8DDA-7E569029C077}.Release|Any CPU.ActiveCfg = Release|Any CPU
		{91030EC5-4BFE-4DDD-8DDA-7E569029C077}.Release|Any CPU.Build.0 = Release|Any CPU
		{428C913D-F172-4C12-A06C-2AF4704806DD}.Debug|Any CPU.ActiveCfg = Debug|Any CPU
		{428C913D-F172-4C12-A06C-2AF4704806DD}.Debug|Any CPU.Build.0 = Debug|Any CPU
		{428C913D-F172-4C12-A06C-2AF4704806DD}.Release|Any CPU.ActiveCfg = Release|Any CPU
		{428C913D-F172-4C12-A06C-2AF4704806DD}.Release|Any CPU.Build.0 = Release|Any CPU
		{91B84167-F522-42D4-B420-0A93ADED5E87}.Debug|Any CPU.ActiveCfg = Debug|Any CPU
		{91B84167-F522-42D4-B420-0A93ADED5E87}.Debug|Any CPU.Build.0 = Debug|Any CPU
		{91B84167-F522-42D4-B420-0A93ADED5E87}.Release|Any CPU.ActiveCfg = Release|Any CPU
		{91B84167-F522-42D4-B420-0A93ADED5E87}.Release|Any CPU.Build.0 = Release|Any CPU
		{39C30FCF-BAC2-4DCF-AFC6-FAD657E5B33C}.Debug|Any CPU.ActiveCfg = Debug|Any CPU
		{39C30FCF-BAC2-4DCF-AFC6-FAD657E5B33C}.Debug|Any CPU.Build.0 = Debug|Any CPU
		{39C30FCF-BAC2-4DCF-AFC6-FAD657E5B33C}.Release|Any CPU.ActiveCfg = Release|Any CPU
		{39C30FCF-BAC2-4DCF-AFC6-FAD657E5B33C}.Release|Any CPU.Build.0 = Release|Any CPU
		{98C47AF8-CFDD-4309-8C99-BDF749207161}.Debug|Any CPU.ActiveCfg = Debug|Any CPU
		{98C47AF8-CFDD-4309-8C99-BDF749207161}.Debug|Any CPU.Build.0 = Debug|Any CPU
		{98C47AF8-CFDD-4309-8C99-BDF749207161}.Release|Any CPU.ActiveCfg = Release|Any CPU
		{98C47AF8-CFDD-4309-8C99-BDF749207161}.Release|Any CPU.Build.0 = Release|Any CPU
		{4BB42EB0-C507-4063-9052-82D0B8DF7426}.Debug|Any CPU.ActiveCfg = Debug|Any CPU
		{4BB42EB0-C507-4063-9052-82D0B8DF7426}.Debug|Any CPU.Build.0 = Debug|Any CPU
		{4BB42EB0-C507-4063-9052-82D0B8DF7426}.Release|Any CPU.ActiveCfg = Release|Any CPU
		{4BB42EB0-C507-4063-9052-82D0B8DF7426}.Release|Any CPU.Build.0 = Release|Any CPU
		{2FCD62E0-0513-4B4C-9682-027C9A62629C}.Debug|Any CPU.ActiveCfg = Debug|Any CPU
		{2FCD62E0-0513-4B4C-9682-027C9A62629C}.Debug|Any CPU.Build.0 = Debug|Any CPU
		{2FCD62E0-0513-4B4C-9682-027C9A62629C}.Release|Any CPU.ActiveCfg = Release|Any CPU
		{2FCD62E0-0513-4B4C-9682-027C9A62629C}.Release|Any CPU.Build.0 = Release|Any CPU
		{5E1947EA-0918-484D-BF1F-ADC4B5F0EE48}.Debug|Any CPU.ActiveCfg = Debug|Any CPU
		{5E1947EA-0918-484D-BF1F-ADC4B5F0EE48}.Debug|Any CPU.Build.0 = Debug|Any CPU
		{5E1947EA-0918-484D-BF1F-ADC4B5F0EE48}.Release|Any CPU.ActiveCfg = Release|Any CPU
		{5E1947EA-0918-484D-BF1F-ADC4B5F0EE48}.Release|Any CPU.Build.0 = Release|Any CPU
	EndGlobalSection
	GlobalSection(SolutionProperties) = preSolution
		HideSolutionNode = FALSE
	EndGlobalSection
	GlobalSection(ExtensibilityGlobals) = postSolution
		SolutionGuid = {2E979780-8B2E-4DB3-BF71-F1D12E7265BD}
	EndGlobalSection
EndGlobal
